
Microsoft Visual Studio Solution File, Format Version 12.00
# Visual Studio Version 17
VisualStudioVersion = 17.4.33122.133
MinimumVisualStudioVersion = 10.0.40219.1
Project("{FAE04EC0-301F-11D3-BF4B-00C04F79EFBC}") = "ModificaAnagrafica", "ModificaAnagrafica\ModificaAnagrafica.csproj", "{D3B28D15-5356-4BC7-8350-16EBDB17EE1E}"
EndProject
Global
	GlobalSection(SolutionConfigurationPlatforms) = preSolution
		Debug|Any CPU = Debug|Any CPU
		Release|Any CPU = Release|Any CPU
	EndGlobalSection
	GlobalSection(ProjectConfigurationPlatforms) = postSolution
		{D3B28D15-5356-4BC7-8350-16EBDB17EE1E}.Debug|Any CPU.ActiveCfg = Debug|Any CPU
		{D3B28D15-5356-4BC7-8350-16EBDB17EE1E}.Debug|Any CPU.Build.0 = Debug|Any CPU
		{D3B28D15-5356-4BC7-8350-16EBDB17EE1E}.Release|Any CPU.ActiveCfg = Release|Any CPU
		{D3B28D15-5356-4BC7-8350-16EBDB17EE1E}.Release|Any CPU.Build.0 = Release|Any CPU
	EndGlobalSection
	GlobalSection(SolutionProperties) = preSolution
		HideSolutionNode = FALSE
	EndGlobalSection
	GlobalSection(ExtensibilityGlobals) = postSolution
		SolutionGuid = {FF0312FF-02D7-4138-9267-CE0CEAD804A1}
	EndGlobalSection
EndGlobal
