
Microsoft Visual Studio Solution File, Format Version 12.00
# Visual Studio Version 17
VisualStudioVersion = 17.7.34031.279
MinimumVisualStudioVersion = 10.0.40219.1
Project("{FAE04EC0-301F-11D3-BF4B-00C04F79EFBC}") = "VerificaLista", "VerificaLista.csproj", "{7F20BB88-DEBE-4A58-8017-62B6C896FD7E}"
EndProject
Global
	GlobalSection(SolutionConfigurationPlatforms) = preSolution
		Debug|Any CPU = Debug|Any CPU
		Release|Any CPU = Release|Any CPU
	EndGlobalSection
	GlobalSection(ProjectConfigurationPlatforms) = postSolution
		{7F20BB88-DEBE-4A58-8017-62B6C896FD7E}.Debug|Any CPU.ActiveCfg = Debug|Any CPU
		{7F20BB88-DEBE-4A58-8017-62B6C896FD7E}.Debug|Any CPU.Build.0 = Debug|Any CPU
		{7F20BB88-DEBE-4A58-8017-62B6C896FD7E}.Release|Any CPU.ActiveCfg = Release|Any CPU
		{7F20BB88-DEBE-4A58-8017-62B6C896FD7E}.Release|Any CPU.Build.0 = Release|Any CPU
	EndGlobalSection
	GlobalSection(SolutionProperties) = preSolution
		HideSolutionNode = FALSE
	EndGlobalSection
	GlobalSection(ExtensibilityGlobals) = postSolution
		SolutionGuid = {5A208F4B-D47C-4253-A2FB-3B5249EDB0D9}
	EndGlobalSection
EndGlobal
