
Microsoft Visual Studio Solution File, Format Version 12.00
# Visual Studio Version 17
VisualStudioVersion = 17.8.34309.116
MinimumVisualStudioVersion = 10.0.40219.1
Project("{FAE04EC0-301F-11D3-BF4B-00C04F79EFBC}") = "GiocoDadiTargaAggio", "GiocoDadiTargaAggio.csproj", "{D309239B-E1B9-43BC-A51F-004EE20E1C2A}"
EndProject
Global
	GlobalSection(SolutionConfigurationPlatforms) = preSolution
		Debug|Any CPU = Debug|Any CPU
		Release|Any CPU = Release|Any CPU
	EndGlobalSection
	GlobalSection(ProjectConfigurationPlatforms) = postSolution
		{D309239B-E1B9-43BC-A51F-004EE20E1C2A}.Debug|Any CPU.ActiveCfg = Debug|Any CPU
		{D309239B-E1B9-43BC-A51F-004EE20E1C2A}.Debug|Any CPU.Build.0 = Debug|Any CPU
		{D309239B-E1B9-43BC-A51F-004EE20E1C2A}.Release|Any CPU.ActiveCfg = Release|Any CPU
		{D309239B-E1B9-43BC-A51F-004EE20E1C2A}.Release|Any CPU.Build.0 = Release|Any CPU
	EndGlobalSection
	GlobalSection(SolutionProperties) = preSolution
		HideSolutionNode = FALSE
	EndGlobalSection
	GlobalSection(ExtensibilityGlobals) = postSolution
		SolutionGuid = {D08B0AEA-7F9A-44F2-93D4-39EE8B49F82A}
	EndGlobalSection
EndGlobal
