
Microsoft Visual Studio Solution File, Format Version 12.00
# Visual Studio Version 17
VisualStudioVersion = 17.4.33122.133
MinimumVisualStudioVersion = 10.0.40219.1
Project("{FAE04EC0-301F-11D3-BF4B-00C04F79EFBC}") = "GaraClandestona", "GaraClandestona\GaraClandestona.csproj", "{B08EC047-6A76-48E5-9EC4-78D5F76396CF}"
EndProject
Global
	GlobalSection(SolutionConfigurationPlatforms) = preSolution
		Debug|Any CPU = Debug|Any CPU
		Release|Any CPU = Release|Any CPU
	EndGlobalSection
	GlobalSection(ProjectConfigurationPlatforms) = postSolution
		{B08EC047-6A76-48E5-9EC4-78D5F76396CF}.Debug|Any CPU.ActiveCfg = Debug|Any CPU
		{B08EC047-6A76-48E5-9EC4-78D5F76396CF}.Debug|Any CPU.Build.0 = Debug|Any CPU
		{B08EC047-6A76-48E5-9EC4-78D5F76396CF}.Release|Any CPU.ActiveCfg = Release|Any CPU
		{B08EC047-6A76-48E5-9EC4-78D5F76396CF}.Release|Any CPU.Build.0 = Release|Any CPU
	EndGlobalSection
	GlobalSection(SolutionProperties) = preSolution
		HideSolutionNode = FALSE
	EndGlobalSection
	GlobalSection(ExtensibilityGlobals) = postSolution
		SolutionGuid = {E9A81825-A603-4E95-9695-5DBAA1DACF4D}
	EndGlobalSection
EndGlobal
