
Microsoft Visual Studio Solution File, Format Version 12.00
# Visual Studio Version 17
VisualStudioVersion = 17.4.33122.133
MinimumVisualStudioVersion = 10.0.40219.1
Project("{FAE04EC0-301F-11D3-BF4B-00C04F79EFBC}") = "RipassoMelone", "RipassoMelone\RipassoMelone.csproj", "{89B8188B-DFD1-42FB-8CE8-804F8AC33DA5}"
EndProject
Global
	GlobalSection(SolutionConfigurationPlatforms) = preSolution
		Debug|Any CPU = Debug|Any CPU
		Release|Any CPU = Release|Any CPU
	EndGlobalSection
	GlobalSection(ProjectConfigurationPlatforms) = postSolution
		{89B8188B-DFD1-42FB-8CE8-804F8AC33DA5}.Debug|Any CPU.ActiveCfg = Debug|Any CPU
		{89B8188B-DFD1-42FB-8CE8-804F8AC33DA5}.Debug|Any CPU.Build.0 = Debug|Any CPU
		{89B8188B-DFD1-42FB-8CE8-804F8AC33DA5}.Release|Any CPU.ActiveCfg = Release|Any CPU
		{89B8188B-DFD1-42FB-8CE8-804F8AC33DA5}.Release|Any CPU.Build.0 = Release|Any CPU
	EndGlobalSection
	GlobalSection(SolutionProperties) = preSolution
		HideSolutionNode = FALSE
	EndGlobalSection
	GlobalSection(ExtensibilityGlobals) = postSolution
		SolutionGuid = {B6C18C43-7E9F-406E-8FF2-A8BAF6C1EC88}
	EndGlobalSection
EndGlobal
