
Microsoft Visual Studio Solution File, Format Version 12.00
# Visual Studio Version 17
VisualStudioVersion = 17.4.33122.133
MinimumVisualStudioVersion = 10.0.40219.1
Project("{FAE04EC0-301F-11D3-BF4B-00C04F79EFBC}") = "Anagrafe", "Anagrafe\Anagrafe.csproj", "{2868CF69-6EC8-4736-8672-07C69E00ADCF}"
EndProject
Global
	GlobalSection(SolutionConfigurationPlatforms) = preSolution
		Debug|Any CPU = Debug|Any CPU
		Release|Any CPU = Release|Any CPU
	EndGlobalSection
	GlobalSection(ProjectConfigurationPlatforms) = postSolution
		{2868CF69-6EC8-4736-8672-07C69E00ADCF}.Debug|Any CPU.ActiveCfg = Debug|Any CPU
		{2868CF69-6EC8-4736-8672-07C69E00ADCF}.Debug|Any CPU.Build.0 = Debug|Any CPU
		{2868CF69-6EC8-4736-8672-07C69E00ADCF}.Release|Any CPU.ActiveCfg = Release|Any CPU
		{2868CF69-6EC8-4736-8672-07C69E00ADCF}.Release|Any CPU.Build.0 = Release|Any CPU
	EndGlobalSection
	GlobalSection(SolutionProperties) = preSolution
		HideSolutionNode = FALSE
	EndGlobalSection
	GlobalSection(ExtensibilityGlobals) = postSolution
		SolutionGuid = {92A8EFCF-4C00-4FA0-8B33-3FC69CE95535}
	EndGlobalSection
EndGlobal
