
Microsoft Visual Studio Solution File, Format Version 12.00
# Visual Studio Version 17
VisualStudioVersion = 17.4.33122.133
MinimumVisualStudioVersion = 10.0.40219.1
Project("{FAE04EC0-301F-11D3-BF4B-00C04F79EFBC}") = "PaintScreee", "PaintScreee\PaintScreee.csproj", "{5D7E6D9C-B413-476C-A33D-0BF533C4E372}"
EndProject
Global
	GlobalSection(SolutionConfigurationPlatforms) = preSolution
		Debug|Any CPU = Debug|Any CPU
		Release|Any CPU = Release|Any CPU
	EndGlobalSection
	GlobalSection(ProjectConfigurationPlatforms) = postSolution
		{5D7E6D9C-B413-476C-A33D-0BF533C4E372}.Debug|Any CPU.ActiveCfg = Debug|Any CPU
		{5D7E6D9C-B413-476C-A33D-0BF533C4E372}.Debug|Any CPU.Build.0 = Debug|Any CPU
		{5D7E6D9C-B413-476C-A33D-0BF533C4E372}.Release|Any CPU.ActiveCfg = Release|Any CPU
		{5D7E6D9C-B413-476C-A33D-0BF533C4E372}.Release|Any CPU.Build.0 = Release|Any CPU
	EndGlobalSection
	GlobalSection(SolutionProperties) = preSolution
		HideSolutionNode = FALSE
	EndGlobalSection
	GlobalSection(ExtensibilityGlobals) = postSolution
		SolutionGuid = {7BA77557-8671-4F0A-8C11-3B20B38EADE1}
	EndGlobalSection
EndGlobal
