
Microsoft Visual Studio Solution File, Format Version 12.00
# Visual Studio Version 17
VisualStudioVersion = 17.4.33122.133
MinimumVisualStudioVersion = 10.0.40219.1
Project("{FAE04EC0-301F-11D3-BF4B-00C04F79EFBC}") = "RipassoRecupero", "RipassoRecupero\RipassoRecupero.csproj", "{6F53B0F5-AA3B-4BA1-8625-1DE7AE12CCC3}"
EndProject
Global
	GlobalSection(SolutionConfigurationPlatforms) = preSolution
		Debug|Any CPU = Debug|Any CPU
		Release|Any CPU = Release|Any CPU
	EndGlobalSection
	GlobalSection(ProjectConfigurationPlatforms) = postSolution
		{6F53B0F5-AA3B-4BA1-8625-1DE7AE12CCC3}.Debug|Any CPU.ActiveCfg = Debug|Any CPU
		{6F53B0F5-AA3B-4BA1-8625-1DE7AE12CCC3}.Debug|Any CPU.Build.0 = Debug|Any CPU
		{6F53B0F5-AA3B-4BA1-8625-1DE7AE12CCC3}.Release|Any CPU.ActiveCfg = Release|Any CPU
		{6F53B0F5-AA3B-4BA1-8625-1DE7AE12CCC3}.Release|Any CPU.Build.0 = Release|Any CPU
	EndGlobalSection
	GlobalSection(SolutionProperties) = preSolution
		HideSolutionNode = FALSE
	EndGlobalSection
	GlobalSection(ExtensibilityGlobals) = postSolution
		SolutionGuid = {61356603-6BE0-47C5-8AA3-FCA74A211339}
	EndGlobalSection
EndGlobal
