
Microsoft Visual Studio Solution File, Format Version 12.00
# Visual Studio Version 16
VisualStudioVersion = 16.0.31402.337
MinimumVisualStudioVersion = 10.0.40219.1
Project("{FAE04EC0-301F-11D3-BF4B-00C04F79EFBC}") = "AnagraficaRovigo", "AnagraficaRovigo.csproj", "{C79E3BB9-B771-44FB-AD16-28ED8C61A48E}"
EndProject
Global
	GlobalSection(SolutionConfigurationPlatforms) = preSolution
		Debug|Any CPU = Debug|Any CPU
		Release|Any CPU = Release|Any CPU
	EndGlobalSection
	GlobalSection(ProjectConfigurationPlatforms) = postSolution
		{C79E3BB9-B771-44FB-AD16-28ED8C61A48E}.Debug|Any CPU.ActiveCfg = Debug|Any CPU
		{C79E3BB9-B771-44FB-AD16-28ED8C61A48E}.Debug|Any CPU.Build.0 = Debug|Any CPU
		{C79E3BB9-B771-44FB-AD16-28ED8C61A48E}.Release|Any CPU.ActiveCfg = Release|Any CPU
		{C79E3BB9-B771-44FB-AD16-28ED8C61A48E}.Release|Any CPU.Build.0 = Release|Any CPU
	EndGlobalSection
	GlobalSection(SolutionProperties) = preSolution
		HideSolutionNode = FALSE
	EndGlobalSection
	GlobalSection(ExtensibilityGlobals) = postSolution
		SolutionGuid = {0800689F-179C-4E78-86C4-50CF72DF6158}
	EndGlobalSection
EndGlobal
