
Microsoft Visual Studio Solution File, Format Version 12.00
# Visual Studio Version 17
VisualStudioVersion = 17.4.33122.133
MinimumVisualStudioVersion = 10.0.40219.1
Project("{FAE04EC0-301F-11D3-BF4B-00C04F79EFBC}") = "TabelloneRuoteDelLotto", "TabelloneRuoteDelLotto\TabelloneRuoteDelLotto.csproj", "{F3DD7D71-7850-4748-A992-737797BE04BC}"
EndProject
Global
	GlobalSection(SolutionConfigurationPlatforms) = preSolution
		Debug|Any CPU = Debug|Any CPU
		Release|Any CPU = Release|Any CPU
	EndGlobalSection
	GlobalSection(ProjectConfigurationPlatforms) = postSolution
		{F3DD7D71-7850-4748-A992-737797BE04BC}.Debug|Any CPU.ActiveCfg = Debug|Any CPU
		{F3DD7D71-7850-4748-A992-737797BE04BC}.Debug|Any CPU.Build.0 = Debug|Any CPU
		{F3DD7D71-7850-4748-A992-737797BE04BC}.Release|Any CPU.ActiveCfg = Release|Any CPU
		{F3DD7D71-7850-4748-A992-737797BE04BC}.Release|Any CPU.Build.0 = Release|Any CPU
	EndGlobalSection
	GlobalSection(SolutionProperties) = preSolution
		HideSolutionNode = FALSE
	EndGlobalSection
	GlobalSection(ExtensibilityGlobals) = postSolution
		SolutionGuid = {F1C4B3BF-78E0-4331-85B1-6CA6FD988035}
	EndGlobalSection
EndGlobal
