
Microsoft Visual Studio Solution File, Format Version 12.00
# Visual Studio Version 17
VisualStudioVersion = 17.3.32825.248
MinimumVisualStudioVersion = 10.0.40219.1
Project("{FAE04EC0-301F-11D3-BF4B-00C04F79EFBC}") = "ProvaCsv", "ProvaCsv.csproj", "{30B9C25A-CFE1-4B11-B937-82DBF99326B5}"
EndProject
Global
	GlobalSection(SolutionConfigurationPlatforms) = preSolution
		Debug|Any CPU = Debug|Any CPU
		Release|Any CPU = Release|Any CPU
	EndGlobalSection
	GlobalSection(ProjectConfigurationPlatforms) = postSolution
		{30B9C25A-CFE1-4B11-B937-82DBF99326B5}.Debug|Any CPU.ActiveCfg = Debug|Any CPU
		{30B9C25A-CFE1-4B11-B937-82DBF99326B5}.Debug|Any CPU.Build.0 = Debug|Any CPU
		{30B9C25A-CFE1-4B11-B937-82DBF99326B5}.Release|Any CPU.ActiveCfg = Release|Any CPU
		{30B9C25A-CFE1-4B11-B937-82DBF99326B5}.Release|Any CPU.Build.0 = Release|Any CPU
	EndGlobalSection
	GlobalSection(SolutionProperties) = preSolution
		HideSolutionNode = FALSE
	EndGlobalSection
	GlobalSection(ExtensibilityGlobals) = postSolution
		SolutionGuid = {32F7AC8C-C131-4456-898B-B2C6D941AFF0}
	EndGlobalSection
EndGlobal
