
Microsoft Visual Studio Solution File, Format Version 12.00
# Visual Studio Version 17
VisualStudioVersion = 17.4.33122.133
MinimumVisualStudioVersion = 10.0.40219.1
Project("{FAE04EC0-301F-11D3-BF4B-00C04F79EFBC}") = "AnagraficaListe", "AnagraficaListe\AnagraficaListe.csproj", "{A9A07731-D148-4CFF-BD3B-4EAACE18D916}"
EndProject
Global
	GlobalSection(SolutionConfigurationPlatforms) = preSolution
		Debug|Any CPU = Debug|Any CPU
		Release|Any CPU = Release|Any CPU
	EndGlobalSection
	GlobalSection(ProjectConfigurationPlatforms) = postSolution
		{A9A07731-D148-4CFF-BD3B-4EAACE18D916}.Debug|Any CPU.ActiveCfg = Debug|Any CPU
		{A9A07731-D148-4CFF-BD3B-4EAACE18D916}.Debug|Any CPU.Build.0 = Debug|Any CPU
		{A9A07731-D148-4CFF-BD3B-4EAACE18D916}.Release|Any CPU.ActiveCfg = Release|Any CPU
		{A9A07731-D148-4CFF-BD3B-4EAACE18D916}.Release|Any CPU.Build.0 = Release|Any CPU
	EndGlobalSection
	GlobalSection(SolutionProperties) = preSolution
		HideSolutionNode = FALSE
	EndGlobalSection
	GlobalSection(ExtensibilityGlobals) = postSolution
		SolutionGuid = {936BC6E3-7697-4537-A1F8-426A2037C615}
	EndGlobalSection
EndGlobal
