
Microsoft Visual Studio Solution File, Format Version 12.00
# Visual Studio Version 17
VisualStudioVersion = 17.4.33122.133
MinimumVisualStudioVersion = 10.0.40219.1
Project("{FAE04EC0-301F-11D3-BF4B-00C04F79EFBC}") = "PaintSalveSchermo", "PaintSalveSchermo\PaintSalveSchermo.csproj", "{9568AD95-8E78-4E82-B2C2-E828ABADA439}"
EndProject
Global
	GlobalSection(SolutionConfigurationPlatforms) = preSolution
		Debug|Any CPU = Debug|Any CPU
		Release|Any CPU = Release|Any CPU
	EndGlobalSection
	GlobalSection(ProjectConfigurationPlatforms) = postSolution
		{9568AD95-8E78-4E82-B2C2-E828ABADA439}.Debug|Any CPU.ActiveCfg = Debug|Any CPU
		{9568AD95-8E78-4E82-B2C2-E828ABADA439}.Debug|Any CPU.Build.0 = Debug|Any CPU
		{9568AD95-8E78-4E82-B2C2-E828ABADA439}.Release|Any CPU.ActiveCfg = Release|Any CPU
		{9568AD95-8E78-4E82-B2C2-E828ABADA439}.Release|Any CPU.Build.0 = Release|Any CPU
	EndGlobalSection
	GlobalSection(SolutionProperties) = preSolution
		HideSolutionNode = FALSE
	EndGlobalSection
	GlobalSection(ExtensibilityGlobals) = postSolution
		SolutionGuid = {B8D146DD-298D-4848-8750-766ED38F957A}
	EndGlobalSection
EndGlobal
