
Microsoft Visual Studio Solution File, Format Version 12.00
# Visual Studio Version 17
VisualStudioVersion = 17.4.33122.133
MinimumVisualStudioVersion = 10.0.40219.1
Project("{FAE04EC0-301F-11D3-BF4B-00C04F79EFBC}") = "MetodoDataOk", "MetodoDataOk\MetodoDataOk.csproj", "{164F9590-620E-4C1A-9001-E839B3E36E4F}"
EndProject
Global
	GlobalSection(SolutionConfigurationPlatforms) = preSolution
		Debug|Any CPU = Debug|Any CPU
		Release|Any CPU = Release|Any CPU
	EndGlobalSection
	GlobalSection(ProjectConfigurationPlatforms) = postSolution
		{164F9590-620E-4C1A-9001-E839B3E36E4F}.Debug|Any CPU.ActiveCfg = Debug|Any CPU
		{164F9590-620E-4C1A-9001-E839B3E36E4F}.Debug|Any CPU.Build.0 = Debug|Any CPU
		{164F9590-620E-4C1A-9001-E839B3E36E4F}.Release|Any CPU.ActiveCfg = Release|Any CPU
		{164F9590-620E-4C1A-9001-E839B3E36E4F}.Release|Any CPU.Build.0 = Release|Any CPU
	EndGlobalSection
	GlobalSection(SolutionProperties) = preSolution
		HideSolutionNode = FALSE
	EndGlobalSection
	GlobalSection(ExtensibilityGlobals) = postSolution
		SolutionGuid = {2861647A-2BC1-4EF8-ACF8-056F6EB56D25}
	EndGlobalSection
EndGlobal
